
Microsoft Visual Studio Solution File, Format Version 12.00
# Visual Studio Version 17
VisualStudioVersion = 17.9.34607.119
MinimumVisualStudioVersion = 10.0.40219.1
Project("{FAE04EC0-301F-11D3-BF4B-00C04F79EFBC}") = "LoanSystem.Client", "LoanSystem.Client\LoanSystem.Client.csproj", "{36047A73-4714-4A8D-A653-78A927B46DE0}"
EndProject
Global
	GlobalSection(SolutionConfigurationPlatforms) = preSolution
		Debug|Any CPU = Debug|Any CPU
		Release|Any CPU = Release|Any CPU
	EndGlobalSection
	GlobalSection(ProjectConfigurationPlatforms) = postSolution
		{36047A73-4714-4A8D-A653-78A927B46DE0}.Debug|Any CPU.ActiveCfg = Debug|Any CPU
		{36047A73-4714-4A8D-A653-78A927B46DE0}.Debug|Any CPU.Build.0 = Debug|Any CPU
		{36047A73-4714-4A8D-A653-78A927B46DE0}.Release|Any CPU.ActiveCfg = Release|Any CPU
		{36047A73-4714-4A8D-A653-78A927B46DE0}.Release|Any CPU.Build.0 = Release|Any CPU
	EndGlobalSection
	GlobalSection(SolutionProperties) = preSolution
		HideSolutionNode = FALSE
	EndGlobalSection
	GlobalSection(ExtensibilityGlobals) = postSolution
		SolutionGuid = {5713DFB6-FC73-40B0-BEE9-BBC7C6E1B43E}
	EndGlobalSection
EndGlobal
